
Microsoft Visual Studio Solution File, Format Version 12.00
# Visual Studio 15
VisualStudioVersion = 15.0.28010.2019
MinimumVisualStudioVersion = 10.0.40219.1
Project("{FAE04EC0-301F-11D3-BF4B-00C04F79EFBC}") = "Expr13", "Expr13\Expr13.csproj", "{566436EC-4D45-4D0A-8DD0-7517C2BA170A}"
EndProject
Global
	GlobalSection(SolutionConfigurationPlatforms) = preSolution
		Debug|Any CPU = Debug|Any CPU
		Release|Any CPU = Release|Any CPU
	EndGlobalSection
	GlobalSection(ProjectConfigurationPlatforms) = postSolution
		{566436EC-4D45-4D0A-8DD0-7517C2BA170A}.Debug|Any CPU.ActiveCfg = Debug|Any CPU
		{566436EC-4D45-4D0A-8DD0-7517C2BA170A}.Debug|Any CPU.Build.0 = Debug|Any CPU
		{566436EC-4D45-4D0A-8DD0-7517C2BA170A}.Release|Any CPU.ActiveCfg = Release|Any CPU
		{566436EC-4D45-4D0A-8DD0-7517C2BA170A}.Release|Any CPU.Build.0 = Release|Any CPU
	EndGlobalSection
	GlobalSection(SolutionProperties) = preSolution
		HideSolutionNode = FALSE
	EndGlobalSection
	GlobalSection(ExtensibilityGlobals) = postSolution
		SolutionGuid = {1BD920AE-3ADF-4D7C-A6CB-52B7D2D066E2}
	EndGlobalSection
EndGlobal
