
Microsoft Visual Studio Solution File, Format Version 12.00
# Visual Studio 15
VisualStudioVersion = 15.0.28010.2019
MinimumVisualStudioVersion = 10.0.40219.1
Project("{FAE04EC0-301F-11D3-BF4B-00C04F79EFBC}") = "Expr12", "Expr12\Expr12.csproj", "{75B9C6E7-71B2-412B-B507-89FCD1D5CA96}"
EndProject
Global
	GlobalSection(SolutionConfigurationPlatforms) = preSolution
		Debug|Any CPU = Debug|Any CPU
		Release|Any CPU = Release|Any CPU
	EndGlobalSection
	GlobalSection(ProjectConfigurationPlatforms) = postSolution
		{75B9C6E7-71B2-412B-B507-89FCD1D5CA96}.Debug|Any CPU.ActiveCfg = Debug|Any CPU
		{75B9C6E7-71B2-412B-B507-89FCD1D5CA96}.Debug|Any CPU.Build.0 = Debug|Any CPU
		{75B9C6E7-71B2-412B-B507-89FCD1D5CA96}.Release|Any CPU.ActiveCfg = Release|Any CPU
		{75B9C6E7-71B2-412B-B507-89FCD1D5CA96}.Release|Any CPU.Build.0 = Release|Any CPU
	EndGlobalSection
	GlobalSection(SolutionProperties) = preSolution
		HideSolutionNode = FALSE
	EndGlobalSection
	GlobalSection(ExtensibilityGlobals) = postSolution
		SolutionGuid = {D856D452-BA63-43F3-B6E4-33718436066D}
	EndGlobalSection
EndGlobal
