
Microsoft Visual Studio Solution File, Format Version 12.00
# Visual Studio 15
VisualStudioVersion = 15.0.28010.2019
MinimumVisualStudioVersion = 10.0.40219.1
Project("{FAE04EC0-301F-11D3-BF4B-00C04F79EFBC}") = "Col24", "Col24.csproj", "{4F3BA933-D3A7-4F31-BA17-8661168507B5}"
EndProject
Global
	GlobalSection(SolutionConfigurationPlatforms) = preSolution
		Debug|x86 = Debug|x86
		Release|x86 = Release|x86
	EndGlobalSection
	GlobalSection(ProjectConfigurationPlatforms) = postSolution
		{4F3BA933-D3A7-4F31-BA17-8661168507B5}.Debug|x86.ActiveCfg = Debug|x86
		{4F3BA933-D3A7-4F31-BA17-8661168507B5}.Debug|x86.Build.0 = Debug|x86
		{4F3BA933-D3A7-4F31-BA17-8661168507B5}.Release|x86.ActiveCfg = Release|x86
		{4F3BA933-D3A7-4F31-BA17-8661168507B5}.Release|x86.Build.0 = Release|x86
	EndGlobalSection
	GlobalSection(SolutionProperties) = preSolution
		HideSolutionNode = FALSE
	EndGlobalSection
	GlobalSection(ExtensibilityGlobals) = postSolution
		SolutionGuid = {50CC1320-C909-4450-B401-3F83617CBA21}
	EndGlobalSection
EndGlobal
