
Microsoft Visual Studio Solution File, Format Version 12.00
# Visual Studio 15
VisualStudioVersion = 15.0.28010.2050
MinimumVisualStudioVersion = 10.0.40219.1
Project("{FAE04EC0-301F-11D3-BF4B-00C04F79EFBC}") = "Rec1", "Rec1\Rec1.csproj", "{AC308F6D-925E-44B9-825D-08E27FB546BD}"
EndProject
Global
	GlobalSection(SolutionConfigurationPlatforms) = preSolution
		Debug|Any CPU = Debug|Any CPU
		Release|Any CPU = Release|Any CPU
	EndGlobalSection
	GlobalSection(ProjectConfigurationPlatforms) = postSolution
		{AC308F6D-925E-44B9-825D-08E27FB546BD}.Debug|Any CPU.ActiveCfg = Debug|Any CPU
		{AC308F6D-925E-44B9-825D-08E27FB546BD}.Debug|Any CPU.Build.0 = Debug|Any CPU
		{AC308F6D-925E-44B9-825D-08E27FB546BD}.Release|Any CPU.ActiveCfg = Release|Any CPU
		{AC308F6D-925E-44B9-825D-08E27FB546BD}.Release|Any CPU.Build.0 = Release|Any CPU
	EndGlobalSection
	GlobalSection(SolutionProperties) = preSolution
		HideSolutionNode = FALSE
	EndGlobalSection
	GlobalSection(ExtensibilityGlobals) = postSolution
		SolutionGuid = {1AD27B4C-B987-484F-847F-20932C79E7EE}
	EndGlobalSection
EndGlobal
