
Microsoft Visual Studio Solution File, Format Version 12.00
# Visual Studio 15
VisualStudioVersion = 15.0.28010.2019
MinimumVisualStudioVersion = 10.0.40219.1
Project("{FAE04EC0-301F-11D3-BF4B-00C04F79EFBC}") = "Cond2", "Cond2\Cond2.csproj", "{D6637224-32D9-476D-999C-B2D46672D4F5}"
EndProject
Global
	GlobalSection(SolutionConfigurationPlatforms) = preSolution
		Debug|Any CPU = Debug|Any CPU
		Release|Any CPU = Release|Any CPU
	EndGlobalSection
	GlobalSection(ProjectConfigurationPlatforms) = postSolution
		{D6637224-32D9-476D-999C-B2D46672D4F5}.Debug|Any CPU.ActiveCfg = Debug|Any CPU
		{D6637224-32D9-476D-999C-B2D46672D4F5}.Debug|Any CPU.Build.0 = Debug|Any CPU
		{D6637224-32D9-476D-999C-B2D46672D4F5}.Release|Any CPU.ActiveCfg = Release|Any CPU
		{D6637224-32D9-476D-999C-B2D46672D4F5}.Release|Any CPU.Build.0 = Release|Any CPU
	EndGlobalSection
	GlobalSection(SolutionProperties) = preSolution
		HideSolutionNode = FALSE
	EndGlobalSection
	GlobalSection(ExtensibilityGlobals) = postSolution
		SolutionGuid = {9DA5D7B1-8DD2-490B-B3D1-873B8A322AA3}
	EndGlobalSection
EndGlobal
