
Microsoft Visual Studio Solution File, Format Version 12.00
# Visual Studio 15
VisualStudioVersion = 15.0.28010.2019
MinimumVisualStudioVersion = 10.0.40219.1
Project("{FAE04EC0-301F-11D3-BF4B-00C04F79EFBC}") = "Expr3", "Expr3\Expr3.csproj", "{AEFDC6D2-EC82-4B1F-AB09-C1CEB7D59892}"
EndProject
Global
	GlobalSection(SolutionConfigurationPlatforms) = preSolution
		Debug|Any CPU = Debug|Any CPU
		Release|Any CPU = Release|Any CPU
	EndGlobalSection
	GlobalSection(ProjectConfigurationPlatforms) = postSolution
		{AEFDC6D2-EC82-4B1F-AB09-C1CEB7D59892}.Debug|Any CPU.ActiveCfg = Debug|Any CPU
		{AEFDC6D2-EC82-4B1F-AB09-C1CEB7D59892}.Debug|Any CPU.Build.0 = Debug|Any CPU
		{AEFDC6D2-EC82-4B1F-AB09-C1CEB7D59892}.Release|Any CPU.ActiveCfg = Release|Any CPU
		{AEFDC6D2-EC82-4B1F-AB09-C1CEB7D59892}.Release|Any CPU.Build.0 = Release|Any CPU
	EndGlobalSection
	GlobalSection(SolutionProperties) = preSolution
		HideSolutionNode = FALSE
	EndGlobalSection
	GlobalSection(ExtensibilityGlobals) = postSolution
		SolutionGuid = {AB5937E7-5952-404C-BC08-C838B6879D46}
	EndGlobalSection
EndGlobal
