
Microsoft Visual Studio Solution File, Format Version 12.00
# Visual Studio Version 16
VisualStudioVersion = 16.0.28803.202
MinimumVisualStudioVersion = 10.0.40219.1
Project("{FAE04EC0-301F-11D3-BF4B-00C04F79EFBC}") = "Kosaraju", "Kosaraju\Kosaraju.csproj", "{BACE672B-BC17-4F8A-AC46-EBBEB62D2976}"
EndProject
Global
	GlobalSection(SolutionConfigurationPlatforms) = preSolution
		Debug|Any CPU = Debug|Any CPU
		Release|Any CPU = Release|Any CPU
	EndGlobalSection
	GlobalSection(ProjectConfigurationPlatforms) = postSolution
		{BACE672B-BC17-4F8A-AC46-EBBEB62D2976}.Debug|Any CPU.ActiveCfg = Debug|Any CPU
		{BACE672B-BC17-4F8A-AC46-EBBEB62D2976}.Debug|Any CPU.Build.0 = Debug|Any CPU
		{BACE672B-BC17-4F8A-AC46-EBBEB62D2976}.Release|Any CPU.ActiveCfg = Release|Any CPU
		{BACE672B-BC17-4F8A-AC46-EBBEB62D2976}.Release|Any CPU.Build.0 = Release|Any CPU
	EndGlobalSection
	GlobalSection(SolutionProperties) = preSolution
		HideSolutionNode = FALSE
	EndGlobalSection
	GlobalSection(ExtensibilityGlobals) = postSolution
		SolutionGuid = {2AF5E9F6-D185-494A-B4B3-0C87DCD6526C}
	EndGlobalSection
EndGlobal
