
Microsoft Visual Studio Solution File, Format Version 12.00
# Visual Studio 15
VisualStudioVersion = 15.0.28010.2050
MinimumVisualStudioVersion = 10.0.40219.1
Project("{FAE04EC0-301F-11D3-BF4B-00C04F79EFBC}") = "KontrRefl1", "KontrRefl1\KontrRefl1.csproj", "{3856FF34-57B4-41E3-A02A-EC37DD8D4373}"
EndProject
Global
	GlobalSection(SolutionConfigurationPlatforms) = preSolution
		Debug|Any CPU = Debug|Any CPU
		Release|Any CPU = Release|Any CPU
	EndGlobalSection
	GlobalSection(ProjectConfigurationPlatforms) = postSolution
		{3856FF34-57B4-41E3-A02A-EC37DD8D4373}.Debug|Any CPU.ActiveCfg = Debug|Any CPU
		{3856FF34-57B4-41E3-A02A-EC37DD8D4373}.Debug|Any CPU.Build.0 = Debug|Any CPU
		{3856FF34-57B4-41E3-A02A-EC37DD8D4373}.Release|Any CPU.ActiveCfg = Release|Any CPU
		{3856FF34-57B4-41E3-A02A-EC37DD8D4373}.Release|Any CPU.Build.0 = Release|Any CPU
	EndGlobalSection
	GlobalSection(SolutionProperties) = preSolution
		HideSolutionNode = FALSE
	EndGlobalSection
	GlobalSection(ExtensibilityGlobals) = postSolution
		SolutionGuid = {92039D24-AA80-45AF-B279-576B937B8BD9}
	EndGlobalSection
EndGlobal
