
Microsoft Visual Studio Solution File, Format Version 12.00
# Visual Studio 15
VisualStudioVersion = 15.0.28010.2019
MinimumVisualStudioVersion = 10.0.40219.1
Project("{FAE04EC0-301F-11D3-BF4B-00C04F79EFBC}") = "Col1", "Col1\Col1.csproj", "{87D0FD91-355C-4923-A547-6B114B0CC5E4}"
EndProject
Global
	GlobalSection(SolutionConfigurationPlatforms) = preSolution
		Debug|Any CPU = Debug|Any CPU
		Release|Any CPU = Release|Any CPU
	EndGlobalSection
	GlobalSection(ProjectConfigurationPlatforms) = postSolution
		{87D0FD91-355C-4923-A547-6B114B0CC5E4}.Debug|Any CPU.ActiveCfg = Debug|Any CPU
		{87D0FD91-355C-4923-A547-6B114B0CC5E4}.Debug|Any CPU.Build.0 = Debug|Any CPU
		{87D0FD91-355C-4923-A547-6B114B0CC5E4}.Release|Any CPU.ActiveCfg = Release|Any CPU
		{87D0FD91-355C-4923-A547-6B114B0CC5E4}.Release|Any CPU.Build.0 = Release|Any CPU
	EndGlobalSection
	GlobalSection(SolutionProperties) = preSolution
		HideSolutionNode = FALSE
	EndGlobalSection
	GlobalSection(ExtensibilityGlobals) = postSolution
		SolutionGuid = {EFBA66EC-8A25-4816-9B0C-26D224340B73}
	EndGlobalSection
EndGlobal
