
Microsoft Visual Studio Solution File, Format Version 12.00
# Visual Studio 15
VisualStudioVersion = 15.0.28010.2019
MinimumVisualStudioVersion = 10.0.40219.1
Project("{FAE04EC0-301F-11D3-BF4B-00C04F79EFBC}") = "sem1", "sem1\sem1.csproj", "{EDA96208-A546-4694-B4D2-E5B8D5C94586}"
EndProject
Global
	GlobalSection(SolutionConfigurationPlatforms) = preSolution
		Debug|Any CPU = Debug|Any CPU
		Release|Any CPU = Release|Any CPU
	EndGlobalSection
	GlobalSection(ProjectConfigurationPlatforms) = postSolution
		{EDA96208-A546-4694-B4D2-E5B8D5C94586}.Debug|Any CPU.ActiveCfg = Debug|Any CPU
		{EDA96208-A546-4694-B4D2-E5B8D5C94586}.Debug|Any CPU.Build.0 = Debug|Any CPU
		{EDA96208-A546-4694-B4D2-E5B8D5C94586}.Release|Any CPU.ActiveCfg = Release|Any CPU
		{EDA96208-A546-4694-B4D2-E5B8D5C94586}.Release|Any CPU.Build.0 = Release|Any CPU
	EndGlobalSection
	GlobalSection(SolutionProperties) = preSolution
		HideSolutionNode = FALSE
	EndGlobalSection
	GlobalSection(ExtensibilityGlobals) = postSolution
		SolutionGuid = {0A5830F4-DA65-4DBA-A74B-F7788AF8AC92}
	EndGlobalSection
EndGlobal
