
Microsoft Visual Studio Solution File, Format Version 12.00
# Visual Studio 15
VisualStudioVersion = 15.0.28010.2019
MinimumVisualStudioVersion = 10.0.40219.1
Project("{FAE04EC0-301F-11D3-BF4B-00C04F79EFBC}") = "table-parser", "table-parser.csproj", "{46300163-1BDE-4535-B5A1-60A599CE0A25}"
EndProject
Project("{FAE04EC0-301F-11D3-BF4B-00C04F79EFBC}") = "UnitTestProject1", "UnitTestProject1\UnitTestProject1.csproj", "{80FE8E83-A97F-4726-B7A3-B5DC7BB634CC}"
EndProject
Global
	GlobalSection(SolutionConfigurationPlatforms) = preSolution
		Debug|Any CPU = Debug|Any CPU
		Release|Any CPU = Release|Any CPU
	EndGlobalSection
	GlobalSection(ProjectConfigurationPlatforms) = postSolution
		{46300163-1BDE-4535-B5A1-60A599CE0A25}.Debug|Any CPU.ActiveCfg = Debug|Any CPU
		{46300163-1BDE-4535-B5A1-60A599CE0A25}.Debug|Any CPU.Build.0 = Debug|Any CPU
		{46300163-1BDE-4535-B5A1-60A599CE0A25}.Release|Any CPU.ActiveCfg = Release|Any CPU
		{46300163-1BDE-4535-B5A1-60A599CE0A25}.Release|Any CPU.Build.0 = Release|Any CPU
		{80FE8E83-A97F-4726-B7A3-B5DC7BB634CC}.Debug|Any CPU.ActiveCfg = Debug|Any CPU
		{80FE8E83-A97F-4726-B7A3-B5DC7BB634CC}.Debug|Any CPU.Build.0 = Debug|Any CPU
		{80FE8E83-A97F-4726-B7A3-B5DC7BB634CC}.Release|Any CPU.ActiveCfg = Release|Any CPU
		{80FE8E83-A97F-4726-B7A3-B5DC7BB634CC}.Release|Any CPU.Build.0 = Release|Any CPU
	EndGlobalSection
	GlobalSection(SolutionProperties) = preSolution
		HideSolutionNode = FALSE
	EndGlobalSection
	GlobalSection(ExtensibilityGlobals) = postSolution
		SolutionGuid = {D37596B6-73B0-48B7-9E7D-BD377948FFB1}
	EndGlobalSection
EndGlobal
